
Microsoft Visual Studio Solution File, Format Version 12.00
# Visual Studio Version 17
VisualStudioVersion = 17.13.35931.197 d17.13
MinimumVisualStudioVersion = 10.0.40219.1
Project("{FAE04EC0-301F-11D3-BF4B-00C04F79EFBC}") = "FormBasico", "FormBasico.csproj", "{8376A9FE-2ABB-4CA0-9CA9-A5C1C693D638}"
EndProject
Global
	GlobalSection(SolutionConfigurationPlatforms) = preSolution
		Debug|Any CPU = Debug|Any CPU
		Release|Any CPU = Release|Any CPU
	EndGlobalSection
	GlobalSection(ProjectConfigurationPlatforms) = postSolution
		{8376A9FE-2ABB-4CA0-9CA9-A5C1C693D638}.Debug|Any CPU.ActiveCfg = Debug|Any CPU
		{8376A9FE-2ABB-4CA0-9CA9-A5C1C693D638}.Debug|Any CPU.Build.0 = Debug|Any CPU
		{8376A9FE-2ABB-4CA0-9CA9-A5C1C693D638}.Release|Any CPU.ActiveCfg = Release|Any CPU
		{8376A9FE-2ABB-4CA0-9CA9-A5C1C693D638}.Release|Any CPU.Build.0 = Release|Any CPU
	EndGlobalSection
	GlobalSection(SolutionProperties) = preSolution
		HideSolutionNode = FALSE
	EndGlobalSection
	GlobalSection(ExtensibilityGlobals) = postSolution
		SolutionGuid = {F41C04C7-1121-4A4C-B407-A66DB8EE3450}
	EndGlobalSection
EndGlobal
